Microsoft Visual Studio Solution File, Format Version 11.00
# Visual Studio 2008

Project("{823FA97A-412B-2755-CBE8-F4D671AA38DC}") = "Home01", "Assembly-CSharp.csproj", "{113671F6-6981-BB68-2429-8619668DAE19}"
EndProject
Project("{823FA97A-412B-2755-CBE8-F4D671AA38DC}") = "Home01", "Assembly-CSharp-Editor.csproj", "{62A5F62D-CB1D-8FDB-64E7-CE0B5322E906}"
EndProject
Global
	GlobalSection(SolutionConfigurationPlatforms) = preSolution
		Debug|Any CPU = Debug|Any CPU
		Release|Any CPU = Release|Any CPU
	EndGlobalSection
	GlobalSection(ProjectConfigurationPlatforms) = postSolution
		{113671F6-6981-BB68-2429-8619668DAE19}.Debug|Any CPU.ActiveCfg = Debug|Any CPU
		{113671F6-6981-BB68-2429-8619668DAE19}.Debug|Any CPU.Build.0 = Debug|Any CPU
		{113671F6-6981-BB68-2429-8619668DAE19}.Release|Any CPU.ActiveCfg = Release|Any CPU
		{113671F6-6981-BB68-2429-8619668DAE19}.Release|Any CPU.Build.0 = Release|Any CPU
		{62A5F62D-CB1D-8FDB-64E7-CE0B5322E906}.Debug|Any CPU.ActiveCfg = Debug|Any CPU
		{62A5F62D-CB1D-8FDB-64E7-CE0B5322E906}.Debug|Any CPU.Build.0 = Debug|Any CPU
		{62A5F62D-CB1D-8FDB-64E7-CE0B5322E906}.Release|Any CPU.ActiveCfg = Release|Any CPU
		{62A5F62D-CB1D-8FDB-64E7-CE0B5322E906}.Release|Any CPU.Build.0 = Release|Any CPU
	EndGlobalSection
	GlobalSection(SolutionProperties) = preSolution
		HideSolutionNode = FALSE
	EndGlobalSection
	GlobalSection(MonoDevelopProperties) = preSolution
		StartupItem = Assembly-CSharp.csproj
	EndGlobalSection
EndGlobal
